
Microsoft Visual Studio Solution File, Format Version 12.00
Project("{FAE04EC0-301F-11D3-BF4B-00C04F79EFBC}") = "EntityFrameworkCore.ClickHouse", "EntityFrameworkCore.ClickHouse\EntityFrameworkCore.ClickHouse.csproj", "{F5828F6F-C13E-4541-BF0D-353962CA755B}"
EndProject
Project("{FAE04EC0-301F-11D3-BF4B-00C04F79EFBC}") = "EntityFrameworkCore.ClickHouse.UnitTests", "EntityFrameworkCore.ClickHouse.UnitTests\EntityFrameworkCore.ClickHouse.UnitTests.csproj", "{1AD44648-5780-44E9-9AD5-61FFA03DE48B}"
EndProject
Project("{FAE04EC0-301F-11D3-BF4B-00C04F79EFBC}") = "EntityFrameworkCore.ClickHouse.IntegrationTests", "EntityFrameworkCore.ClickHouse.IntegrationTests\EntityFrameworkCore.ClickHouse.IntegrationTests.csproj", "{58D06D63-5496-4B2F-93F4-F471D40830EF}"
EndProject
Global
	GlobalSection(SolutionConfigurationPlatforms) = preSolution
		Debug|Any CPU = Debug|Any CPU
		Release|Any CPU = Release|Any CPU
	EndGlobalSection
	GlobalSection(ProjectConfigurationPlatforms) = postSolution
		{F5828F6F-C13E-4541-BF0D-353962CA755B}.Debug|Any CPU.ActiveCfg = Debug|Any CPU
		{F5828F6F-C13E-4541-BF0D-353962CA755B}.Debug|Any CPU.Build.0 = Debug|Any CPU
		{F5828F6F-C13E-4541-BF0D-353962CA755B}.Release|Any CPU.ActiveCfg = Release|Any CPU
		{F5828F6F-C13E-4541-BF0D-353962CA755B}.Release|Any CPU.Build.0 = Release|Any CPU
		{1AD44648-5780-44E9-9AD5-61FFA03DE48B}.Debug|Any CPU.ActiveCfg = Debug|Any CPU
		{1AD44648-5780-44E9-9AD5-61FFA03DE48B}.Debug|Any CPU.Build.0 = Debug|Any CPU
		{1AD44648-5780-44E9-9AD5-61FFA03DE48B}.Release|Any CPU.ActiveCfg = Release|Any CPU
		{1AD44648-5780-44E9-9AD5-61FFA03DE48B}.Release|Any CPU.Build.0 = Release|Any CPU
		{58D06D63-5496-4B2F-93F4-F471D40830EF}.Debug|Any CPU.ActiveCfg = Debug|Any CPU
		{58D06D63-5496-4B2F-93F4-F471D40830EF}.Debug|Any CPU.Build.0 = Debug|Any CPU
		{58D06D63-5496-4B2F-93F4-F471D40830EF}.Release|Any CPU.ActiveCfg = Release|Any CPU
		{58D06D63-5496-4B2F-93F4-F471D40830EF}.Release|Any CPU.Build.0 = Release|Any CPU
	EndGlobalSection
EndGlobal
